
Microsoft Visual Studio Solution File, Format Version 12.00
# Visual Studio Version 16
VisualStudioVersion = 16.0.31911.196
MinimumVisualStudioVersion = 10.0.40219.1
Project("{FAE04EC0-301F-11D3-BF4B-00C04F79EFBC}") = "UserIn2", "UserIn2\UserIn2.csproj", "{501E75F5-AEB8-4F2D-AD6C-AB7D1A1026A4}"
EndProject
Global
	GlobalSection(SolutionConfigurationPlatforms) = preSolution
		Debug|Any CPU = Debug|Any CPU
		Release|Any CPU = Release|Any CPU
	EndGlobalSection
	GlobalSection(ProjectConfigurationPlatforms) = postSolution
		{501E75F5-AEB8-4F2D-AD6C-AB7D1A1026A4}.Debug|Any CPU.ActiveCfg = Debug|Any CPU
		{501E75F5-AEB8-4F2D-AD6C-AB7D1A1026A4}.Debug|Any CPU.Build.0 = Debug|Any CPU
		{501E75F5-AEB8-4F2D-AD6C-AB7D1A1026A4}.Release|Any CPU.ActiveCfg = Release|Any CPU
		{501E75F5-AEB8-4F2D-AD6C-AB7D1A1026A4}.Release|Any CPU.Build.0 = Release|Any CPU
	EndGlobalSection
	GlobalSection(SolutionProperties) = preSolution
		HideSolutionNode = FALSE
	EndGlobalSection
	GlobalSection(ExtensibilityGlobals) = postSolution
		SolutionGuid = {EE0BCD86-8426-4529-97E9-991FEB36CA42}
	EndGlobalSection
EndGlobal
