
Microsoft Visual Studio Solution File, Format Version 12.00
# Visual Studio Version 16
VisualStudioVersion = 16.0.31911.196
MinimumVisualStudioVersion = 10.0.40219.1
Project("{FAE04EC0-301F-11D3-BF4B-00C04F79EFBC}") = "DataBindingDemo", "DataBindingDemo\DataBindingDemo.csproj", "{F2A39F17-22B6-4872-81F6-6F6398ED590F}"
EndProject
Global
	GlobalSection(SolutionConfigurationPlatforms) = preSolution
		Debug|Any CPU = Debug|Any CPU
		Release|Any CPU = Release|Any CPU
	EndGlobalSection
	GlobalSection(ProjectConfigurationPlatforms) = postSolution
		{F2A39F17-22B6-4872-81F6-6F6398ED590F}.Debug|Any CPU.ActiveCfg = Debug|Any CPU
		{F2A39F17-22B6-4872-81F6-6F6398ED590F}.Debug|Any CPU.Build.0 = Debug|Any CPU
		{F2A39F17-22B6-4872-81F6-6F6398ED590F}.Release|Any CPU.ActiveCfg = Release|Any CPU
		{F2A39F17-22B6-4872-81F6-6F6398ED590F}.Release|Any CPU.Build.0 = Release|Any CPU
	EndGlobalSection
	GlobalSection(SolutionProperties) = preSolution
		HideSolutionNode = FALSE
	EndGlobalSection
	GlobalSection(ExtensibilityGlobals) = postSolution
		SolutionGuid = {90EE3F25-4817-4E79-95C5-994E7A6C5D50}
	EndGlobalSection
EndGlobal
