
Microsoft Visual Studio Solution File, Format Version 12.00
# Visual Studio Version 16
VisualStudioVersion = 16.0.31911.196
MinimumVisualStudioVersion = 10.0.40219.1
Project("{FAE04EC0-301F-11D3-BF4B-00C04F79EFBC}") = "ITMO.CSCourse.WF.Lab1.5.2", "ITMO.CSCourse.WF.Lab1.5.2\ITMO.CSCourse.WF.Lab1.5.2.csproj", "{71BEC069-E672-4191-875D-895A4C96665E}"
EndProject
Global
	GlobalSection(SolutionConfigurationPlatforms) = preSolution
		Debug|Any CPU = Debug|Any CPU
		Release|Any CPU = Release|Any CPU
	EndGlobalSection
	GlobalSection(ProjectConfigurationPlatforms) = postSolution
		{71BEC069-E672-4191-875D-895A4C96665E}.Debug|Any CPU.ActiveCfg = Debug|Any CPU
		{71BEC069-E672-4191-875D-895A4C96665E}.Debug|Any CPU.Build.0 = Debug|Any CPU
		{71BEC069-E672-4191-875D-895A4C96665E}.Release|Any CPU.ActiveCfg = Release|Any CPU
		{71BEC069-E672-4191-875D-895A4C96665E}.Release|Any CPU.Build.0 = Release|Any CPU
	EndGlobalSection
	GlobalSection(SolutionProperties) = preSolution
		HideSolutionNode = FALSE
	EndGlobalSection
	GlobalSection(ExtensibilityGlobals) = postSolution
		SolutionGuid = {04C971EC-CB61-453B-9D74-FFFF796EDAF8}
	EndGlobalSection
EndGlobal
