
Microsoft Visual Studio Solution File, Format Version 12.00
# Visual Studio Version 16
VisualStudioVersion = 16.0.31911.196
MinimumVisualStudioVersion = 10.0.40219.1
Project("{FAE04EC0-301F-11D3-BF4B-00C04F79EFBC}") = "WinTimer1", "WinTimer1\WinTimer1.csproj", "{5B88F085-9940-42C2-BD59-BE723DA47375}"
EndProject
Global
	GlobalSection(SolutionConfigurationPlatforms) = preSolution
		Debug|Any CPU = Debug|Any CPU
		Release|Any CPU = Release|Any CPU
	EndGlobalSection
	GlobalSection(ProjectConfigurationPlatforms) = postSolution
		{5B88F085-9940-42C2-BD59-BE723DA47375}.Debug|Any CPU.ActiveCfg = Debug|Any CPU
		{5B88F085-9940-42C2-BD59-BE723DA47375}.Debug|Any CPU.Build.0 = Debug|Any CPU
		{5B88F085-9940-42C2-BD59-BE723DA47375}.Release|Any CPU.ActiveCfg = Release|Any CPU
		{5B88F085-9940-42C2-BD59-BE723DA47375}.Release|Any CPU.Build.0 = Release|Any CPU
	EndGlobalSection
	GlobalSection(SolutionProperties) = preSolution
		HideSolutionNode = FALSE
	EndGlobalSection
	GlobalSection(ExtensibilityGlobals) = postSolution
		SolutionGuid = {DC8C3CC1-1494-4BB0-8045-33A090786592}
	EndGlobalSection
EndGlobal
