
Microsoft Visual Studio Solution File, Format Version 12.00
# Visual Studio Version 16
VisualStudioVersion = 16.0.31911.196
MinimumVisualStudioVersion = 10.0.40219.1
Project("{FAE04EC0-301F-11D3-BF4B-00C04F79EFBC}") = "BiblWorm", "BiblWorm\BiblWorm.csproj", "{D86D3911-FC40-4E9A-8A9E-DC27D230F674}"
EndProject
Global
	GlobalSection(SolutionConfigurationPlatforms) = preSolution
		Debug|Any CPU = Debug|Any CPU
		Release|Any CPU = Release|Any CPU
	EndGlobalSection
	GlobalSection(ProjectConfigurationPlatforms) = postSolution
		{D86D3911-FC40-4E9A-8A9E-DC27D230F674}.Debug|Any CPU.ActiveCfg = Debug|Any CPU
		{D86D3911-FC40-4E9A-8A9E-DC27D230F674}.Debug|Any CPU.Build.0 = Debug|Any CPU
		{D86D3911-FC40-4E9A-8A9E-DC27D230F674}.Release|Any CPU.ActiveCfg = Release|Any CPU
		{D86D3911-FC40-4E9A-8A9E-DC27D230F674}.Release|Any CPU.Build.0 = Release|Any CPU
	EndGlobalSection
	GlobalSection(SolutionProperties) = preSolution
		HideSolutionNode = FALSE
	EndGlobalSection
	GlobalSection(ExtensibilityGlobals) = postSolution
		SolutionGuid = {711B6831-FC3C-444E-AF31-CE5EE07D2757}
	EndGlobalSection
EndGlobal
