
Microsoft Visual Studio Solution File, Format Version 12.00
# Visual Studio Version 16
VisualStudioVersion = 16.0.31911.196
MinimumVisualStudioVersion = 10.0.40219.1
Project("{FAE04EC0-301F-11D3-BF4B-00C04F79EFBC}") = "WpfRoutedEvent_2_2", "WpfRoutedEvent_2_2\WpfRoutedEvent_2_2.csproj", "{7248E587-F28E-42A9-9A61-109D142CFD88}"
EndProject
Global
	GlobalSection(SolutionConfigurationPlatforms) = preSolution
		Debug|Any CPU = Debug|Any CPU
		Release|Any CPU = Release|Any CPU
	EndGlobalSection
	GlobalSection(ProjectConfigurationPlatforms) = postSolution
		{7248E587-F28E-42A9-9A61-109D142CFD88}.Debug|Any CPU.ActiveCfg = Debug|Any CPU
		{7248E587-F28E-42A9-9A61-109D142CFD88}.Debug|Any CPU.Build.0 = Debug|Any CPU
		{7248E587-F28E-42A9-9A61-109D142CFD88}.Release|Any CPU.ActiveCfg = Release|Any CPU
		{7248E587-F28E-42A9-9A61-109D142CFD88}.Release|Any CPU.Build.0 = Release|Any CPU
	EndGlobalSection
	GlobalSection(SolutionProperties) = preSolution
		HideSolutionNode = FALSE
	EndGlobalSection
	GlobalSection(ExtensibilityGlobals) = postSolution
		SolutionGuid = {E43188F8-BB26-45E7-AFC2-93C83C276545}
	EndGlobalSection
EndGlobal
