
Microsoft Visual Studio Solution File, Format Version 12.00
# Visual Studio Version 16
VisualStudioVersion = 16.0.31911.196
MinimumVisualStudioVersion = 10.0.40219.1
Project("{FAE04EC0-301F-11D3-BF4B-00C04F79EFBC}") = "UserIn3", "UserIn3\UserIn3.csproj", "{DFB1E4AB-AA90-44BB-A205-B9DC51CC7633}"
EndProject
Global
	GlobalSection(SolutionConfigurationPlatforms) = preSolution
		Debug|Any CPU = Debug|Any CPU
		Release|Any CPU = Release|Any CPU
	EndGlobalSection
	GlobalSection(ProjectConfigurationPlatforms) = postSolution
		{DFB1E4AB-AA90-44BB-A205-B9DC51CC7633}.Debug|Any CPU.ActiveCfg = Debug|Any CPU
		{DFB1E4AB-AA90-44BB-A205-B9DC51CC7633}.Debug|Any CPU.Build.0 = Debug|Any CPU
		{DFB1E4AB-AA90-44BB-A205-B9DC51CC7633}.Release|Any CPU.ActiveCfg = Release|Any CPU
		{DFB1E4AB-AA90-44BB-A205-B9DC51CC7633}.Release|Any CPU.Build.0 = Release|Any CPU
	EndGlobalSection
	GlobalSection(SolutionProperties) = preSolution
		HideSolutionNode = FALSE
	EndGlobalSection
	GlobalSection(ExtensibilityGlobals) = postSolution
		SolutionGuid = {8B7815C0-4413-4FB4-8D44-BDBAE73E16BB}
	EndGlobalSection
EndGlobal
