
Microsoft Visual Studio Solution File, Format Version 12.00
# Visual Studio Version 16
VisualStudioVersion = 16.0.31911.196
MinimumVisualStudioVersion = 10.0.40219.1
Project("{FAE04EC0-301F-11D3-BF4B-00C04F79EFBC}") = "WinQuestion", "WinQuestion\WinQuestion.csproj", "{DFBE8628-14F6-4740-8DCD-139EEC2005B1}"
EndProject
Global
	GlobalSection(SolutionConfigurationPlatforms) = preSolution
		Debug|Any CPU = Debug|Any CPU
		Release|Any CPU = Release|Any CPU
	EndGlobalSection
	GlobalSection(ProjectConfigurationPlatforms) = postSolution
		{DFBE8628-14F6-4740-8DCD-139EEC2005B1}.Debug|Any CPU.ActiveCfg = Debug|Any CPU
		{DFBE8628-14F6-4740-8DCD-139EEC2005B1}.Debug|Any CPU.Build.0 = Debug|Any CPU
		{DFBE8628-14F6-4740-8DCD-139EEC2005B1}.Release|Any CPU.ActiveCfg = Release|Any CPU
		{DFBE8628-14F6-4740-8DCD-139EEC2005B1}.Release|Any CPU.Build.0 = Release|Any CPU
	EndGlobalSection
	GlobalSection(SolutionProperties) = preSolution
		HideSolutionNode = FALSE
	EndGlobalSection
	GlobalSection(ExtensibilityGlobals) = postSolution
		SolutionGuid = {78C2F99F-2CBE-4473-A8D9-E576B72504EA}
	EndGlobalSection
EndGlobal
